
Microsoft Visual Studio Solution File, Format Version 12.00
# Visual Studio Version 17
VisualStudioVersion = 17.1.32421.90
MinimumVisualStudioVersion = 10.0.40219.1
Project("{FAE04EC0-301F-11D3-BF4B-00C04F79EFBC}") = "project1", "project1\project1.csproj", "{0D29EAD7-326E-464B-A8A0-85040DFBD645}"
EndProject
Global
	GlobalSection(SolutionConfigurationPlatforms) = preSolution
		Debug|Any CPU = Debug|Any CPU
		Release|Any CPU = Release|Any CPU
	EndGlobalSection
	GlobalSection(ProjectConfigurationPlatforms) = postSolution
		{0D29EAD7-326E-464B-A8A0-85040DFBD645}.Debug|Any CPU.ActiveCfg = Debug|Any CPU
		{0D29EAD7-326E-464B-A8A0-85040DFBD645}.Debug|Any CPU.Build.0 = Debug|Any CPU
		{0D29EAD7-326E-464B-A8A0-85040DFBD645}.Release|Any CPU.ActiveCfg = Release|Any CPU
		{0D29EAD7-326E-464B-A8A0-85040DFBD645}.Release|Any CPU.Build.0 = Release|Any CPU
	EndGlobalSection
	GlobalSection(SolutionProperties) = preSolution
		HideSolutionNode = FALSE
	EndGlobalSection
	GlobalSection(ExtensibilityGlobals) = postSolution
		SolutionGuid = {A357F033-6A4C-466A-970E-CB9D646FD18A}
	EndGlobalSection
EndGlobal
